
Microsoft Visual Studio Solution File, Format Version 12.00
# Visual Studio Version 16
VisualStudioVersion = 16.0.29209.62
MinimumVisualStudioVersion = 10.0.40219.1
Project("{FAE04EC0-301F-11D3-BF4B-00C04F79EFBC}") = "GameDataAnalysisTool", "GameDataAnalysisTool\GameDataAnalysisTool.csproj", "{F53F9438-EEE2-44FF-AD8B-53020D3E094B}"
EndProject
Global
	GlobalSection(SolutionConfigurationPlatforms) = preSolution
		Debug|Any CPU = Debug|Any CPU
		Release|Any CPU = Release|Any CPU
	EndGlobalSection
	GlobalSection(ProjectConfigurationPlatforms) = postSolution
		{F53F9438-EEE2-44FF-AD8B-53020D3E094B}.Debug|Any CPU.ActiveCfg = Debug|Any CPU
		{F53F9438-EEE2-44FF-AD8B-53020D3E094B}.Debug|Any CPU.Build.0 = Debug|Any CPU
		{F53F9438-EEE2-44FF-AD8B-53020D3E094B}.Release|Any CPU.ActiveCfg = Release|Any CPU
		{F53F9438-EEE2-44FF-AD8B-53020D3E094B}.Release|Any CPU.Build.0 = Release|Any CPU
	EndGlobalSection
	GlobalSection(SolutionProperties) = preSolution
		HideSolutionNode = FALSE
	EndGlobalSection
	GlobalSection(ExtensibilityGlobals) = postSolution
		SolutionGuid = {BCFB8A16-22E2-4E43-BBDF-33835543E895}
	EndGlobalSection
EndGlobal
